
Microsoft Visual Studio Solution File, Format Version 12.00
# Visual Studio 15
VisualStudioVersion = 15.0.28307.136
MinimumVisualStudioVersion = 10.0.40219.1
Project("{FAE04EC0-301F-11D3-BF4B-00C04F79EFBC}") = "EntityFrameWorkSample", "EntityFrameWorkSample\EntityFrameWorkSample.csproj", "{AA3232C8-0BC5-4BDA-B194-C01BED71C1A6}"
EndProject
Global
	GlobalSection(SolutionConfigurationPlatforms) = preSolution
		Debug|Any CPU = Debug|Any CPU
		Release|Any CPU = Release|Any CPU
	EndGlobalSection
	GlobalSection(ProjectConfigurationPlatforms) = postSolution
		{AA3232C8-0BC5-4BDA-B194-C01BED71C1A6}.Debug|Any CPU.ActiveCfg = Debug|Any CPU
		{AA3232C8-0BC5-4BDA-B194-C01BED71C1A6}.Debug|Any CPU.Build.0 = Debug|Any CPU
		{AA3232C8-0BC5-4BDA-B194-C01BED71C1A6}.Release|Any CPU.ActiveCfg = Release|Any CPU
		{AA3232C8-0BC5-4BDA-B194-C01BED71C1A6}.Release|Any CPU.Build.0 = Release|Any CPU
	EndGlobalSection
	GlobalSection(SolutionProperties) = preSolution
		HideSolutionNode = FALSE
	EndGlobalSection
	GlobalSection(ExtensibilityGlobals) = postSolution
		SolutionGuid = {E6B5480A-1482-400F-948F-039030E4E317}
	EndGlobalSection
EndGlobal
